
Microsoft Visual Studio Solution File, Format Version 12.00
# Visual Studio Version 17
VisualStudioVersion = 17.5.002.0
MinimumVisualStudioVersion = 10.0.40219.1
Project("{9A19103F-16F7-4668-BE54-9A1E7A4F7556}") = "Phi3SKConsoleApp", "Phi3SKConsoleApp.csproj", "{90A2E291-E5EB-41CF-AC64-15FB7160BE1E}"
EndProject
Global
	GlobalSection(SolutionConfigurationPlatforms) = preSolution
		Debug|Any CPU = Debug|Any CPU
		Release|Any CPU = Release|Any CPU
	EndGlobalSection
	GlobalSection(ProjectConfigurationPlatforms) = postSolution
		{90A2E291-E5EB-41CF-AC64-15FB7160BE1E}.Debug|Any CPU.ActiveCfg = Debug|Any CPU
		{90A2E291-E5EB-41CF-AC64-15FB7160BE1E}.Debug|Any CPU.Build.0 = Debug|Any CPU
		{90A2E291-E5EB-41CF-AC64-15FB7160BE1E}.Release|Any CPU.ActiveCfg = Release|Any CPU
		{90A2E291-E5EB-41CF-AC64-15FB7160BE1E}.Release|Any CPU.Build.0 = Release|Any CPU
	EndGlobalSection
	GlobalSection(SolutionProperties) = preSolution
		HideSolutionNode = FALSE
	EndGlobalSection
	GlobalSection(ExtensibilityGlobals) = postSolution
		SolutionGuid = {267B7E57-6562-4BB7-9255-364B381AFE74}
	EndGlobalSection
EndGlobal
